{
  "name": "@wiris/mathtype-ckeditor5",
  "version": "7.22.0",
  "lockfileVersion": 1,
  "requires": true,
  "dependencies": {
    "@ckeditor/ckeditor5-core": {
      "version": "18.0.0",
      "resolved": "https://registry.npmjs.org/@ckeditor/ckeditor5-core/-/ckeditor5-core-18.0.0.tgz",
      "integrity": "sha512-jSKh1mod2C7IkNfdW07+zi53Qv/1NzRtu35t0MyGvyjM2xIBDMOlWOYHOoIgYa7+0goaG6Sp/oyYFNsV42AobA==",
      "requires": {
        "@ckeditor/ckeditor5-engine": "^18.0.0",
        "@ckeditor/ckeditor5-utils": "^18.0.0",
        "lodash-es": "^4.17.10"
      }
    },
    "@ckeditor/ckeditor5-engine": {
      "version": "18.0.0",
      "resolved": "https://registry.npmjs.org/@ckeditor/ckeditor5-engine/-/ckeditor5-engine-18.0.0.tgz",
      "integrity": "sha512-kRxEYXGkWJjcAA3E/JcYd6lFTLG1KiaCTgL3fsNaah2tTMcBTxxXcuF6ucjokyCz092t2TdVSMzewkf5cQN2mQ==",
      "requires": {
        "@ckeditor/ckeditor5-utils": "^18.0.0",
        "lodash-es": "^4.17.10"
      }
    },
    "@ckeditor/ckeditor5-ui": {
      "version": "18.0.0",
      "resolved": "https://registry.npmjs.org/@ckeditor/ckeditor5-ui/-/ckeditor5-ui-18.0.0.tgz",
      "integrity": "sha512-xosPwq3ipJNwXWgw2cdBl9L3Nzcnirv2yr1WiJ22S28GFL8+6VOA3QXshVmuyugcKzsYRd1GcSTx/jwj8Vv/IA==",
      "requires": {
        "@ckeditor/ckeditor5-core": "^18.0.0",
        "@ckeditor/ckeditor5-utils": "^18.0.0",
        "lodash-es": "^4.17.10"
      }
    },
    "@ckeditor/ckeditor5-utils": {
      "version": "18.0.0",
      "resolved": "https://registry.npmjs.org/@ckeditor/ckeditor5-utils/-/ckeditor5-utils-18.0.0.tgz",
      "integrity": "sha512-HzzXP8wdpgyNJmJSX4hoZyGBVVXtiBgLrLubApDZn4TaCFp5FNc3bFdYmHWfiyKYzW0GjuIPHq0pS9hB/pX+BA==",
      "requires": {
        "lodash-es": "^4.17.10"
      }
    },
    "@ckeditor/ckeditor5-widget": {
      "version": "18.0.0",
      "resolved": "https://registry.npmjs.org/@ckeditor/ckeditor5-widget/-/ckeditor5-widget-18.0.0.tgz",
      "integrity": "sha512-0TwGox0nWic9yYvDzVqrbYt3qcoKzLOH5iaMPC/l2Z/pDlIXPWbMZm1mYojVK6liXi/p18DwKiHDgm9UV8PAaQ==",
      "requires": {
        "@ckeditor/ckeditor5-core": "^18.0.0",
        "@ckeditor/ckeditor5-engine": "^18.0.0",
        "@ckeditor/ckeditor5-ui": "^18.0.0",
        "@ckeditor/ckeditor5-utils": "^18.0.0",
        "lodash-es": "^4.17.10"
      }
    },
    "lodash-es": {
      "version": "4.17.15",
      "resolved": "https://registry.npmjs.org/lodash-es/-/lodash-es-4.17.15.tgz",
      "integrity": "sha512-rlrc3yU3+JNOpZ9zj5pQtxnx2THmvRykwL4Xlxoa8I9lHBlVbbyPhgyPMioxVZ4NqyxaVVtaJnzsyOidQIhyyQ=="
    }
  }
}
