{
  "name": "@wiris/mathtype-ckeditor5",
  "version": "7.18.1",
  "lockfileVersion": 1,
  "requires": true,
  "dependencies": {
    "@ckeditor/ckeditor5-core": {
      "version": "17.0.0",
      "resolved": "https://registry.npmjs.org/@ckeditor/ckeditor5-core/-/ckeditor5-core-17.0.0.tgz",
      "integrity": "sha512-exgZOMd3YMJky++ytiAQ1fMtqtKyvEc1xikNBVwAeP38ekZcZSLLi2gP8X8ge2yZTFPmO0TiB8fiU//pLQpeJg==",
      "requires": {
        "@ckeditor/ckeditor5-engine": "^17.0.0",
        "@ckeditor/ckeditor5-utils": "^17.0.0",
        "lodash-es": "^4.17.10"
      }
    },
    "@ckeditor/ckeditor5-engine": {
      "version": "17.0.0",
      "resolved": "https://registry.npmjs.org/@ckeditor/ckeditor5-engine/-/ckeditor5-engine-17.0.0.tgz",
      "integrity": "sha512-3+m7Hc1QCn97JHLjJWRYg2GcI9hTcU3XGSZnsLeolyPgwBbEnkvfUGId2K5O91Bg3SKkSP4vgvydZE9JM2Q7Mg==",
      "requires": {
        "@ckeditor/ckeditor5-utils": "^17.0.0",
        "lodash-es": "^4.17.10"
      }
    },
    "@ckeditor/ckeditor5-ui": {
      "version": "17.0.0",
      "resolved": "https://registry.npmjs.org/@ckeditor/ckeditor5-ui/-/ckeditor5-ui-17.0.0.tgz",
      "integrity": "sha512-ceM0IlBNscyDOeeGyU4n5Xp9YHdc4hdv2dmDgV/hECSaYzePVr5h1HDoF2Juv4SP5azACSLJr6JZs3uXP8iLCg==",
      "requires": {
        "@ckeditor/ckeditor5-core": "^17.0.0",
        "@ckeditor/ckeditor5-utils": "^17.0.0",
        "lodash-es": "^4.17.10"
      }
    },
    "@ckeditor/ckeditor5-utils": {
      "version": "17.0.0",
      "resolved": "https://registry.npmjs.org/@ckeditor/ckeditor5-utils/-/ckeditor5-utils-17.0.0.tgz",
      "integrity": "sha512-La9Au5pvafUi4uN3Zxjb6HLdacZLMkC+KerWQEohPhZYHRmy8OusaGB+X74gYRKb6O+vGfxpbgSA93e3VoE3fQ==",
      "requires": {
        "lodash-es": "^4.17.10"
      }
    },
    "@ckeditor/ckeditor5-widget": {
      "version": "17.0.0",
      "resolved": "https://registry.npmjs.org/@ckeditor/ckeditor5-widget/-/ckeditor5-widget-17.0.0.tgz",
      "integrity": "sha512-NOPkim9TNq2TPYf8Sa2trEuRVg58n/a+0iGisomXM8HGy8aOxaBQShK3oKdDliwjrlm/MU9mV8rNunwLGtUB/g==",
      "requires": {
        "@ckeditor/ckeditor5-core": "^17.0.0",
        "@ckeditor/ckeditor5-engine": "^17.0.0",
        "@ckeditor/ckeditor5-ui": "^17.0.0",
        "@ckeditor/ckeditor5-utils": "^17.0.0",
        "lodash-es": "^4.17.10"
      }
    },
    "@wiris/mathtype-html-integration-devkit": {
      "version": "1.0.0",
      "resolved": "https://registry.npmjs.org/@wiris/mathtype-html-integration-devkit/-/mathtype-html-integration-devkit-1.0.0.tgz",
      "integrity": "sha512-jf3FIKp9wmURlMWGiVV492c9pyIfv76/92kbGw9sN4H3wy8x4xBYg1OGpROg5JEGb6GcckqDVW8nDbO0pM/z/w=="
    },
    "lodash-es": {
      "version": "4.17.15",
      "resolved": "https://registry.npmjs.org/lodash-es/-/lodash-es-4.17.15.tgz",
      "integrity": "sha512-rlrc3yU3+JNOpZ9zj5pQtxnx2THmvRykwL4Xlxoa8I9lHBlVbbyPhgyPMioxVZ4NqyxaVVtaJnzsyOidQIhyyQ=="
    }
  }
}
