{
  "name": "@wiris/mathtype-ckeditor5",
  "version": "7.17.1",
  "lockfileVersion": 1,
  "requires": true,
  "dependencies": {
    "@ckeditor/ckeditor5-core": {
      "version": "16.0.0",
      "resolved": "https://registry.npmjs.org/@ckeditor/ckeditor5-core/-/ckeditor5-core-16.0.0.tgz",
      "integrity": "sha512-JKYnoXgfULjfAGRgVmf9/at3gGikfzKwGp4O8RpE3NYGeb/xH6hSgj2mUE9QwqyAY5at1QLnio5ZvU2HiWL4pA==",
      "requires": {
        "@ckeditor/ckeditor5-engine": "^16.0.0",
        "@ckeditor/ckeditor5-utils": "^16.0.0",
        "lodash-es": "^4.17.10"
      }
    },
    "@ckeditor/ckeditor5-engine": {
      "version": "16.0.0",
      "resolved": "https://registry.npmjs.org/@ckeditor/ckeditor5-engine/-/ckeditor5-engine-16.0.0.tgz",
      "integrity": "sha512-2p0DT/1B+UyVAwNkkaNaG4wGkrR0TNQuPJ1c5TEMWb9NVk3mhIOJ+6lPVl0ApP3tmMALol+pLmXLX5aht6Ewnw==",
      "requires": {
        "@ckeditor/ckeditor5-utils": "^16.0.0",
        "lodash-es": "^4.17.10"
      }
    },
    "@ckeditor/ckeditor5-ui": {
      "version": "16.0.0",
      "resolved": "https://registry.npmjs.org/@ckeditor/ckeditor5-ui/-/ckeditor5-ui-16.0.0.tgz",
      "integrity": "sha512-7mwIRajaN9Mf6S5ZkqWAOt/Rqy6GNS3WxhwaayMym7b1XI4oVIrxEKoun3DoKnKp3bTBMcWdQFJfsRvja2X2hA==",
      "requires": {
        "@ckeditor/ckeditor5-core": "^16.0.0",
        "@ckeditor/ckeditor5-utils": "^16.0.0",
        "lodash-es": "^4.17.10"
      }
    },
    "@ckeditor/ckeditor5-utils": {
      "version": "16.0.0",
      "resolved": "https://registry.npmjs.org/@ckeditor/ckeditor5-utils/-/ckeditor5-utils-16.0.0.tgz",
      "integrity": "sha512-EMrKmVmxfyuttGlbZI0eK7stYigbo2kFCasN0m2apg/Pn4Dwil0pennWuJ964zvZ8te1Pyt33cweQZlYzSqvYQ==",
      "requires": {
        "lodash-es": "^4.17.10"
      }
    },
    "@ckeditor/ckeditor5-widget": {
      "version": "16.0.0",
      "resolved": "https://registry.npmjs.org/@ckeditor/ckeditor5-widget/-/ckeditor5-widget-16.0.0.tgz",
      "integrity": "sha512-QZMRRJMAZnD3TtrobcwW/6XBQDk9RslIVux08y5YaALNtwKhTNADzB0FljDjANa+BbVQSV/z9AtGpGpSwCSY9w==",
      "requires": {
        "@ckeditor/ckeditor5-core": "^16.0.0",
        "@ckeditor/ckeditor5-engine": "^16.0.0",
        "@ckeditor/ckeditor5-ui": "^16.0.0",
        "@ckeditor/ckeditor5-utils": "^16.0.0",
        "lodash-es": "^4.17.10"
      }
    },
    "lodash-es": {
      "version": "4.17.15",
      "resolved": "https://registry.npmjs.org/lodash-es/-/lodash-es-4.17.15.tgz",
      "integrity": "sha512-rlrc3yU3+JNOpZ9zj5pQtxnx2THmvRykwL4Xlxoa8I9lHBlVbbyPhgyPMioxVZ4NqyxaVVtaJnzsyOidQIhyyQ=="
    }
  }
}
