
Microsoft Visual Studio Solution File, Format Version 10.00
# Visual Studio 2008
Project("{FAE04EC0-301F-11D3-BF4B-00C04F79EFBC}") = "pluginwiris", "pluginwiris.csproj", "{FE80B273-8BFA-4D84-97C4-C3FE189D963E}"
EndProject
Global
	GlobalSection(SolutionConfigurationPlatforms) = preSolution
		Debug|Any CPU = Debug|Any CPU
		Release|Any CPU = Release|Any CPU
	EndGlobalSection
	GlobalSection(ProjectConfigurationPlatforms) = postSolution
		{FE80B273-8BFA-4D84-97C4-C3FE189D963E}.Debug|Any CPU.ActiveCfg = Debug|Any CPU
		{FE80B273-8BFA-4D84-97C4-C3FE189D963E}.Debug|Any CPU.Build.0 = Debug|Any CPU
		{FE80B273-8BFA-4D84-97C4-C3FE189D963E}.Release|Any CPU.ActiveCfg = Release|Any CPU
		{FE80B273-8BFA-4D84-97C4-C3FE189D963E}.Release|Any CPU.Build.0 = Release|Any CPU
	EndGlobalSection
	GlobalSection(SolutionProperties) = preSolution
		HideSolutionNode = FALSE
	EndGlobalSection
EndGlobal
