
Microsoft Visual Studio Solution File, Format Version 10.00
# Visual Studio 2008
Project("{E24C65DC-7377-472B-9ABA-BC803B73C61A}") = "aspx", ".", "{14A7B396-B89D-4AAC-887E-6FBA4A38DC63}"
	ProjectSection(WebsiteProperties) = preProject
		TargetFramework = "3.5"
		Debug.AspNetCompiler.VirtualPath = "/aspx"
		Debug.AspNetCompiler.PhysicalPath = "..\aspx\"
		Debug.AspNetCompiler.TargetPath = "PrecompiledWeb\aspx\"
		Debug.AspNetCompiler.Updateable = "true"
		Debug.AspNetCompiler.ForceOverwrite = "true"
		Debug.AspNetCompiler.FixedNames = "false"
		Debug.AspNetCompiler.Debug = "True"
		Release.AspNetCompiler.VirtualPath = "/aspx"
		Release.AspNetCompiler.PhysicalPath = "..\aspx\"
		Release.AspNetCompiler.TargetPath = "PrecompiledWeb\aspx\"
		Release.AspNetCompiler.Updateable = "true"
		Release.AspNetCompiler.ForceOverwrite = "true"
		Release.AspNetCompiler.FixedNames = "false"
		Release.AspNetCompiler.Debug = "False"
		VWDPort = "1149"
	EndProjectSection
EndProject
Global
	GlobalSection(SolutionConfigurationPlatforms) = preSolution
		Debug|.NET = Debug|.NET
	EndGlobalSection
	GlobalSection(ProjectConfigurationPlatforms) = postSolution
		{14A7B396-B89D-4AAC-887E-6FBA4A38DC63}.Debug|.NET.ActiveCfg = Debug|.NET
		{14A7B396-B89D-4AAC-887E-6FBA4A38DC63}.Debug|.NET.Build.0 = Debug|.NET
	EndGlobalSection
	GlobalSection(SolutionProperties) = preSolution
		HideSolutionNode = FALSE
	EndGlobalSection
EndGlobal
