
Microsoft Visual Studio Solution File, Format Version 12.00
# Visual Studio 14
VisualStudioVersion = 14.0.25420.1
MinimumVisualStudioVersion = 10.0.40219.1
Project("{FAE04EC0-301F-11D3-BF4B-00C04F79EFBC}") = "plugin", "..\..\aspx\plugin.csproj", "{F8E02775-8F5B-4287-9584-1FA837E54FDF}"
EndProject
Project("{FAE04EC0-301F-11D3-BF4B-00C04F79EFBC}") = "plugin-web", "plugin-web.csproj", "{A70FD1C0-07C4-4543-ABA4-97DDADBFA210}"
EndProject
Global
	GlobalSection(SolutionConfigurationPlatforms) = preSolution
		Debug|.NET = Debug|.NET
		Debug|Any CPU = Debug|Any CPU
		Debug|Mixed Platforms = Debug|Mixed Platforms
		Release|.NET = Release|.NET
		Release|Any CPU = Release|Any CPU
		Release|Mixed Platforms = Release|Mixed Platforms
	EndGlobalSection
	GlobalSection(ProjectConfigurationPlatforms) = postSolution
		{F8E02775-8F5B-4287-9584-1FA837E54FDF}.Debug|.NET.ActiveCfg = Debug|Any CPU
		{F8E02775-8F5B-4287-9584-1FA837E54FDF}.Debug|.NET.Build.0 = Debug|Any CPU
		{F8E02775-8F5B-4287-9584-1FA837E54FDF}.Debug|Any CPU.ActiveCfg = Debug|Any CPU
		{F8E02775-8F5B-4287-9584-1FA837E54FDF}.Debug|Any CPU.Build.0 = Debug|Any CPU
		{F8E02775-8F5B-4287-9584-1FA837E54FDF}.Debug|Mixed Platforms.ActiveCfg = Debug|Any CPU
		{F8E02775-8F5B-4287-9584-1FA837E54FDF}.Debug|Mixed Platforms.Build.0 = Debug|Any CPU
		{F8E02775-8F5B-4287-9584-1FA837E54FDF}.Release|.NET.ActiveCfg = Release|Any CPU
		{F8E02775-8F5B-4287-9584-1FA837E54FDF}.Release|Any CPU.ActiveCfg = Release|Any CPU
		{F8E02775-8F5B-4287-9584-1FA837E54FDF}.Release|Any CPU.Build.0 = Release|Any CPU
		{F8E02775-8F5B-4287-9584-1FA837E54FDF}.Release|Mixed Platforms.ActiveCfg = Release|Any CPU
		{F8E02775-8F5B-4287-9584-1FA837E54FDF}.Release|Mixed Platforms.Build.0 = Release|Any CPU
		{A70FD1C0-07C4-4543-ABA4-97DDADBFA210}.Debug|.NET.ActiveCfg = Debug|Any CPU
		{A70FD1C0-07C4-4543-ABA4-97DDADBFA210}.Debug|Any CPU.ActiveCfg = Debug|Any CPU
		{A70FD1C0-07C4-4543-ABA4-97DDADBFA210}.Debug|Any CPU.Build.0 = Debug|Any CPU
		{A70FD1C0-07C4-4543-ABA4-97DDADBFA210}.Debug|Mixed Platforms.ActiveCfg = Debug|Any CPU
		{A70FD1C0-07C4-4543-ABA4-97DDADBFA210}.Debug|Mixed Platforms.Build.0 = Debug|Any CPU
		{A70FD1C0-07C4-4543-ABA4-97DDADBFA210}.Release|.NET.ActiveCfg = Release|Any CPU
		{A70FD1C0-07C4-4543-ABA4-97DDADBFA210}.Release|Any CPU.ActiveCfg = Release|Any CPU
		{A70FD1C0-07C4-4543-ABA4-97DDADBFA210}.Release|Any CPU.Build.0 = Release|Any CPU
		{A70FD1C0-07C4-4543-ABA4-97DDADBFA210}.Release|Mixed Platforms.ActiveCfg = Release|Any CPU
		{A70FD1C0-07C4-4543-ABA4-97DDADBFA210}.Release|Mixed Platforms.Build.0 = Release|Any CPU
	EndGlobalSection
	GlobalSection(SolutionProperties) = preSolution
		HideSolutionNode = FALSE
	EndGlobalSection
EndGlobal
